
Microsoft Visual Studio Solution File, Format Version 12.00
# Visual Studio Version 16
VisualStudioVersion = 16.0.32413.511
MinimumVisualStudioVersion = 10.0.40219.1
Project("{FAE04EC0-301F-11D3-BF4B-00C04F79EFBC}") = "MediaTekDocuments", "MediaTekDocuments\MediaTekDocuments.csproj", "{75DE903D-6147-4E14-BBE0-FA20CD1F9840}"
EndProject
Project("{FAE04EC0-301F-11D3-BF4B-00C04F79EFBC}") = "Controller-ParutionTest", "Controller-ParutionTest\Controller-ParutionTest.csproj", "{4CFFD862-9F86-4FA2-8709-38640C7DCA8B}"
EndProject
Project("{FAE04EC0-301F-11D3-BF4B-00C04F79EFBC}") = "MediatekDocuments-ModelTests", "MediatekDocuments-ModelTests\MediatekDocuments-ModelTests.csproj", "{39132D19-2AE2-48E5-8965-DB41FCF08D10}"
EndProject
Project("{54435603-DBB4-11D2-8724-00A0C9A8B90C}") = "MediatekDocument2025Installeur", "MediatekDocument2025Installeur\MediatekDocument2025Installeur.vdproj", "{16D4443B-7454-4ABE-93C1-EBBC3DF66312}"
EndProject
Global
	GlobalSection(SolutionConfigurationPlatforms) = preSolution
		Debug|Any CPU = Debug|Any CPU
		Release|Any CPU = Release|Any CPU
	EndGlobalSection
	GlobalSection(ProjectConfigurationPlatforms) = postSolution
		{75DE903D-6147-4E14-BBE0-FA20CD1F9840}.Debug|Any CPU.ActiveCfg = Debug|Any CPU
		{75DE903D-6147-4E14-BBE0-FA20CD1F9840}.Debug|Any CPU.Build.0 = Debug|Any CPU
		{75DE903D-6147-4E14-BBE0-FA20CD1F9840}.Release|Any CPU.ActiveCfg = Release|Any CPU
		{75DE903D-6147-4E14-BBE0-FA20CD1F9840}.Release|Any CPU.Build.0 = Release|Any CPU
		{4CFFD862-9F86-4FA2-8709-38640C7DCA8B}.Debug|Any CPU.ActiveCfg = Debug|Any CPU
		{4CFFD862-9F86-4FA2-8709-38640C7DCA8B}.Debug|Any CPU.Build.0 = Debug|Any CPU
		{4CFFD862-9F86-4FA2-8709-38640C7DCA8B}.Release|Any CPU.ActiveCfg = Release|Any CPU
		{4CFFD862-9F86-4FA2-8709-38640C7DCA8B}.Release|Any CPU.Build.0 = Release|Any CPU
		{39132D19-2AE2-48E5-8965-DB41FCF08D10}.Debug|Any CPU.ActiveCfg = Debug|Any CPU
		{39132D19-2AE2-48E5-8965-DB41FCF08D10}.Debug|Any CPU.Build.0 = Debug|Any CPU
		{39132D19-2AE2-48E5-8965-DB41FCF08D10}.Release|Any CPU.ActiveCfg = Release|Any CPU
		{39132D19-2AE2-48E5-8965-DB41FCF08D10}.Release|Any CPU.Build.0 = Release|Any CPU
		{16D4443B-7454-4ABE-93C1-EBBC3DF66312}.Debug|Any CPU.ActiveCfg = Debug
		{16D4443B-7454-4ABE-93C1-EBBC3DF66312}.Debug|Any CPU.Build.0 = Debug
		{16D4443B-7454-4ABE-93C1-EBBC3DF66312}.Release|Any CPU.ActiveCfg = Release
		{16D4443B-7454-4ABE-93C1-EBBC3DF66312}.Release|Any CPU.Build.0 = Release
	EndGlobalSection
	GlobalSection(SolutionProperties) = preSolution
		HideSolutionNode = FALSE
	EndGlobalSection
	GlobalSection(ExtensibilityGlobals) = postSolution
		SolutionGuid = {9B2569CA-5E60-4743-9497-FCE8940AD153}
	EndGlobalSection
EndGlobal
